
Microsoft Visual Studio Solution File, Format Version 12.00
# Visual Studio Version 17
VisualStudioVersion = 17.13.35825.156 d17.13
MinimumVisualStudioVersion = 10.0.40219.1
Project("{FAE04EC0-301F-11D3-BF4B-00C04F79EFBC}") = "ShopEProduction", "ShopEProduction.csproj", "{756A925C-3682-4A2D-A9D3-2A8E49F1DB63}"
EndProject
Global
	GlobalSection(SolutionConfigurationPlatforms) = preSolution
		Debug|Any CPU = Debug|Any CPU
		Release|Any CPU = Release|Any CPU
	EndGlobalSection
	GlobalSection(ProjectConfigurationPlatforms) = postSolution
		{756A925C-3682-4A2D-A9D3-2A8E49F1DB63}.Debug|Any CPU.ActiveCfg = Debug|Any CPU
		{756A925C-3682-4A2D-A9D3-2A8E49F1DB63}.Debug|Any CPU.Build.0 = Debug|Any CPU
		{756A925C-3682-4A2D-A9D3-2A8E49F1DB63}.Release|Any CPU.ActiveCfg = Release|Any CPU
		{756A925C-3682-4A2D-A9D3-2A8E49F1DB63}.Release|Any CPU.Build.0 = Release|Any CPU
	EndGlobalSection
	GlobalSection(SolutionProperties) = preSolution
		HideSolutionNode = FALSE
	EndGlobalSection
	GlobalSection(ExtensibilityGlobals) = postSolution
		SolutionGuid = {24F60507-38C8-4682-8B3F-256AB78A31D1}
	EndGlobalSection
EndGlobal
